# file  sha256  url   (OpenCV model zoo; licences in third_party/)
face_detection_yunet_2023mar.onnx 8f2383e4dd3cfbb4553ea8718107fc0423210dc964f9f4280604804ed2552fa4 https://media.githubusercontent.com/media/opencv/opencv_zoo/main/models/face_detection_yunet/face_detection_yunet_2023mar.onnx
text_detection_en_ppocrv3_2023may.onnx 03f550c6b406fda8bf54bd8327815f6c7e2edd98cea02348c93d879254366587 https://media.githubusercontent.com/media/opencv/opencv_zoo/main/models/text_detection_ppocr/text_detection_en_ppocrv3_2023may.onnx
object_detection_yolox_2022nov.onnx c5c2d13e59ae883e6af3b45daea64af4833a4951c92d116ec270d9ddbe998063 https://media.githubusercontent.com/media/opencv/opencv_zoo/main/models/object_detection_yolox/object_detection_yolox_2022nov.onnx
